<?xml version="1.0" encoding="utf-8"?>
<Project ToolsVersion="14.0" xmlns="http://schemas.microsoft.com/developer/msbuild/2003">
  <ItemGroup>
    <ClCompile Include="..\..\Samples\Common\src\DefaultSamplesPlugin.cpp">
      <Filter>Source Files</Filter>
    </ClCompile>
    <ClCompile Include="..\..\Samples\Compositor\src\HelperLogics.cpp">
      <Filter>Source Files</Filter>
    </ClCompile>
    <ClCompile Include="..\..\Samples\Compute\src\Compute.cpp">
      <Filter>Source Files</Filter>
    </ClCompile>
    <ClCompile Include="..\..\Samples\DeferredShading\src\AmbientLight.cpp">
      <Filter>Source Files</Filter>
    </ClCompile>
    <ClCompile Include="..\..\Samples\DeferredShading\src\DLight.cpp">
      <Filter>Source Files</Filter>
    </ClCompile>
    <ClCompile Include="..\..\Samples\DeferredShading\src\DeferredLightCP.cpp">
      <Filter>Source Files</Filter>
    </ClCompile>
    <ClCompile Include="..\..\Samples\DeferredShading\src\DeferredShading.cpp">
      <Filter>Source Files</Filter>
    </ClCompile>
    <ClCompile Include="..\..\Samples\DeferredShading\src\GBufferMaterialGenerator.cpp">
      <Filter>Source Files</Filter>
    </ClCompile>
    <ClCompile Include="..\..\Samples\DeferredShading\src\GBufferSchemeHandler.cpp">
      <Filter>Source Files</Filter>
    </ClCompile>
    <ClCompile Include="..\..\Samples\DeferredShading\src\GeomUtils.cpp">
      <Filter>Source Files</Filter>
    </ClCompile>
    <ClCompile Include="..\..\Samples\DeferredShading\src\LightMaterialGenerator.cpp">
      <Filter>Source Files</Filter>
    </ClCompile>
    <ClCompile Include="..\..\Samples\DeferredShading\src\MaterialGenerator.cpp">
      <Filter>Source Files</Filter>
    </ClCompile>
    <ClCompile Include="..\..\Samples\DeferredShading\src\SSAOLogic.cpp">
      <Filter>Source Files</Filter>
    </ClCompile>
    <ClCompile Include="..\..\Samples\EndlessWorld\src\PerlinNoiseTerrainGenerator.cpp">
      <Filter>Source Files</Filter>
    </ClCompile>
    <ClCompile Include="..\..\Samples\Isosurf\src\Isosurf.cpp">
      <Filter>Source Files</Filter>
    </ClCompile>
    <ClCompile Include="..\..\Samples\Isosurf\src\ProceduralTools.cpp">
      <Filter>Source Files</Filter>
    </ClCompile>
    <ClCompile Include="..\..\Samples\MeshLod\src\MeshLod.cpp">
      <Filter>Source Files</Filter>
    </ClCompile>
    <ClCompile Include="..\..\Samples\NewInstancing\src\NewInstancing.cpp">
      <Filter>Source Files</Filter>
    </ClCompile>
    <ClCompile Include="..\..\Samples\OceanDemo\src\MaterialControls.cpp">
      <Filter>Source Files</Filter>
    </ClCompile>
    <ClCompile Include="..\..\Samples\ParticleGS\src\ParticleGS.cpp">
      <Filter>Source Files</Filter>
    </ClCompile>
    <ClCompile Include="..\..\Samples\ParticleGS\src\ProceduralManualObject.cpp">
      <Filter>Source Files</Filter>
    </ClCompile>
    <ClCompile Include="..\..\Samples\ParticleGS\src\RandomTools.cpp">
      <Filter>Source Files</Filter>
    </ClCompile>
    <ClCompile Include="..\..\Samples\ShaderSystem\src\OgreShaderExInstancedViewports.cpp">
      <Filter>Source Files</Filter>
    </ClCompile>
    <ClCompile Include="..\..\Samples\ShaderSystem\src\ShaderExReflectionMap.cpp">
      <Filter>Source Files</Filter>
    </ClCompile>
    <ClCompile Include="..\..\Samples\ShaderSystem\src\ShaderSystem.cpp">
      <Filter>Source Files</Filter>
    </ClCompile>
    <ClCompile Include="..\..\Samples\ShaderSystemMultiLight\src\RTShaderSRSSegmentedLights.cpp">
      <Filter>Source Files</Filter>
    </ClCompile>
    <ClCompile Include="..\..\Samples\ShaderSystemMultiLight\src\SegmentedDynamicLightManager.cpp">
      <Filter>Source Files</Filter>
    </ClCompile>
    <ClCompile Include="..\..\Samples\ShaderSystemMultiLight\src\ShaderSystemMultiLight.cpp">
      <Filter>Source Files</Filter>
    </ClCompile>
    <ClCompile Include="..\..\Samples\ShaderSystemTexturedFog\src\RTShaderSRSTexturedFog.cpp">
      <Filter>Source Files</Filter>
    </ClCompile>
    <ClCompile Include="..\..\Samples\ShaderSystemTexturedFog\src\ShaderSystemTexturedFog.cpp">
      <Filter>Source Files</Filter>
    </ClCompile>
    <ClCompile Include="..\..\Samples\VolumeCSG\src\VolumeCSG.cpp">
      <Filter>Source Files</Filter>
    </ClCompile>
    <ClCompile Include="..\..\Samples\VolumeTerrain\src\VolumeTerrain.cpp">
      <Filter>Source Files</Filter>
    </ClCompile>
    <ClCompile Include="..\..\Samples\VolumeTex\src\ThingRenderable.cpp">
      <Filter>Source Files</Filter>
    </ClCompile>
    <ClCompile Include="..\..\Samples\VolumeTex\src\VolumeRenderable.cpp">
      <Filter>Source Files</Filter>
    </ClCompile>
    <ClCompile Include="..\..\Samples\VolumeTex\src\VolumeTex.cpp">
      <Filter>Source Files</Filter>
    </ClCompile>
    <ClCompile Include="..\..\Samples\Water\src\WaterMesh.cpp">
      <Filter>Source Files</Filter>
    </ClCompile>
  </ItemGroup>
  <ItemGroup>
    <ClInclude Include="..\..\Samples\BSP\include\BSP.h">
      <Filter>Header Files</Filter>
    </ClInclude>
    <ClInclude Include="..\..\Samples\BezierPatch\include\BezierPatch.h">
      <Filter>Header Files</Filter>
    </ClInclude>
    <ClInclude Include="..\..\Samples\Browser\include\SampleBrowser.h">
      <Filter>Header Files</Filter>
    </ClInclude>
    <ClInclude Include="..\..\Samples\Browser\include\SampleBrowser_Android.h">
      <Filter>Header Files</Filter>
    </ClInclude>
    <ClInclude Include="..\..\Samples\Browser\include\SampleBrowser_iOS.h">
      <Filter>Header Files</Filter>
    </ClInclude>
    <ClInclude Include="..\..\Samples\Browser\include\gestureDetector.h">
      <Filter>Header Files</Filter>
    </ClInclude>
    <ClInclude Include="..\..\Samples\CameraTrack\include\CameraTrack.h">
      <Filter>Header Files</Filter>
    </ClInclude>
    <ClInclude Include="..\..\Samples\CelShading\include\CelShading.h">
      <Filter>Header Files</Filter>
    </ClInclude>
    <ClInclude Include="..\..\Samples\Character\include\CharacterSample.h">
      <Filter>Header Files</Filter>
    </ClInclude>
    <ClInclude Include="..\..\Samples\Character\include\SinbadCharacterController.h">
      <Filter>Header Files</Filter>
    </ClInclude>
    <ClInclude Include="..\..\Samples\Common\include\DefaultSamplesPlugin.h">
      <Filter>Header Files</Filter>
    </ClInclude>
    <ClInclude Include="..\..\Samples\Common\include\ListenerFactoryLogic.h">
      <Filter>Header Files</Filter>
    </ClInclude>
    <ClInclude Include="..\..\Samples\Common\include\Sample.h">
      <Filter>Header Files</Filter>
    </ClInclude>
    <ClInclude Include="..\..\Samples\Common\include\SampleContext.h">
      <Filter>Header Files</Filter>
    </ClInclude>
    <ClInclude Include="..\..\Samples\Common\include\SamplePlugin.h">
      <Filter>Header Files</Filter>
    </ClInclude>
    <ClInclude Include="..\..\Samples\Common\include\SdkSample.h">
      <Filter>Header Files</Filter>
    </ClInclude>
    <ClInclude Include="..\..\Samples\Compositor\include\Compositor.h">
      <Filter>Header Files</Filter>
    </ClInclude>
    <ClInclude Include="..\..\Samples\Compositor\include\HelperLogics.h">
      <Filter>Header Files</Filter>
    </ClInclude>
    <ClInclude Include="..\..\Samples\Compute\include\Compute.h">
      <Filter>Header Files</Filter>
    </ClInclude>
    <ClInclude Include="..\..\Samples\CubeMapping\include\CubeMapping.h">
      <Filter>Header Files</Filter>
    </ClInclude>
    <ClInclude Include="..\..\Samples\DeferredShading\include\AmbientLight.h">
      <Filter>Header Files</Filter>
    </ClInclude>
    <ClInclude Include="..\..\Samples\DeferredShading\include\DLight.h">
      <Filter>Header Files</Filter>
    </ClInclude>
    <ClInclude Include="..\..\Samples\DeferredShading\include\DeferredLightCP.h">
      <Filter>Header Files</Filter>
    </ClInclude>
    <ClInclude Include="..\..\Samples\DeferredShading\include\DeferredShading.h">
      <Filter>Header Files</Filter>
    </ClInclude>
    <ClInclude Include="..\..\Samples\DeferredShading\include\DeferredShadingDemo.h">
      <Filter>Header Files</Filter>
    </ClInclude>
    <ClInclude Include="..\..\Samples\DeferredShading\include\GBufferMaterialGenerator.h">
      <Filter>Header Files</Filter>
    </ClInclude>
    <ClInclude Include="..\..\Samples\DeferredShading\include\GBufferSchemeHandler.h">
      <Filter>Header Files</Filter>
    </ClInclude>
    <ClInclude Include="..\..\Samples\DeferredShading\include\GeomUtils.h">
      <Filter>Header Files</Filter>
    </ClInclude>
    <ClInclude Include="..\..\Samples\DeferredShading\include\LightMaterialGenerator.h">
      <Filter>Header Files</Filter>
    </ClInclude>
    <ClInclude Include="..\..\Samples\DeferredShading\include\MaterialGenerator.h">
      <Filter>Header Files</Filter>
    </ClInclude>
    <ClInclude Include="..\..\Samples\DeferredShading\include\NullSchemeHandler.h">
      <Filter>Header Files</Filter>
    </ClInclude>
    <ClInclude Include="..\..\Samples\DeferredShading\include\SSAOLogic.h">
      <Filter>Header Files</Filter>
    </ClInclude>
    <ClInclude Include="..\..\Samples\DeferredShading\include\SharedData.h">
      <Filter>Header Files</Filter>
    </ClInclude>
    <ClInclude Include="..\..\Samples\Dot3Bump\include\Dot3Bump.h">
      <Filter>Header Files</Filter>
    </ClInclude>
    <ClInclude Include="..\..\Samples\DualQuaternion\include\DualQuaternion.h">
      <Filter>Header Files</Filter>
    </ClInclude>
    <ClInclude Include="..\..\Samples\DynTex\include\DynTex.h">
      <Filter>Header Files</Filter>
    </ClInclude>
    <ClInclude Include="..\..\Samples\EndlessWorld\include\EndlessWorld.h">
      <Filter>Header Files</Filter>
    </ClInclude>
    <ClInclude Include="..\..\Samples\EndlessWorld\include\PerlinNoiseTerrainGenerator.h">
      <Filter>Header Files</Filter>
    </ClInclude>
    <ClInclude Include="..\..\Samples\FacialAnimation\include\FacialAnimation.h">
      <Filter>Header Files</Filter>
    </ClInclude>
    <ClInclude Include="..\..\Samples\Fresnel\include\Fresnel.h">
      <Filter>Header Files</Filter>
    </ClInclude>
    <ClInclude Include="..\..\Samples\Grass\include\Grass.h">
      <Filter>Header Files</Filter>
    </ClInclude>
    <ClInclude Include="..\..\Samples\HLMS\include\HLMS.h">
      <Filter>Header Files</Filter>
    </ClInclude>
    <ClInclude Include="..\..\Samples\Hair\include\Hair.h">
      <Filter>Header Files</Filter>
    </ClInclude>
    <ClInclude Include="..\..\Samples\Island\include\Island.h">
      <Filter>Header Files</Filter>
    </ClInclude>
    <ClInclude Include="..\..\Samples\Isosurf\include\Isosurf.h">
      <Filter>Header Files</Filter>
    </ClInclude>
    <ClInclude Include="..\..\Samples\Isosurf\include\ProceduralTools.h">
      <Filter>Header Files</Filter>
    </ClInclude>
    <ClInclude Include="..\..\Samples\Lighting\include\Lighting.h">
      <Filter>Header Files</Filter>
    </ClInclude>
    <ClInclude Include="..\..\Samples\MeshLod\include\MeshLod.h">
      <Filter>Header Files</Filter>
    </ClInclude>
    <ClInclude Include="..\..\Samples\NewInstancing\include\MersenneTwister.h">
      <Filter>Header Files</Filter>
    </ClInclude>
    <ClInclude Include="..\..\Samples\NewInstancing\include\NewInstancing.h">
      <Filter>Header Files</Filter>
    </ClInclude>
    <ClInclude Include="..\..\Samples\OceanDemo\include\MaterialControls.h">
      <Filter>Header Files</Filter>
    </ClInclude>
    <ClInclude Include="..\..\Samples\OceanDemo\include\OceanDemo.h">
      <Filter>Header Files</Filter>
    </ClInclude>
    <ClInclude Include="..\..\Samples\PBR\include\PBR.h">
      <Filter>Header Files</Filter>
    </ClInclude>
    <ClInclude Include="..\..\Samples\PCZTestApp\include\PCZTestApp.h">
      <Filter>Header Files</Filter>
    </ClInclude>
    <ClInclude Include="..\..\Samples\PCZTestApp\include\RoomObject.h">
      <Filter>Header Files</Filter>
    </ClInclude>
    <ClInclude Include="..\..\Samples\PNTrianglesTessellation\include\PNTrianglesTessellation.h">
      <Filter>Header Files</Filter>
    </ClInclude>
    <ClInclude Include="..\..\Samples\ParticleFX\include\ParticleFX.h">
      <Filter>Header Files</Filter>
    </ClInclude>
    <ClInclude Include="..\..\Samples\ParticleGS\include\ParticleGS.h">
      <Filter>Header Files</Filter>
    </ClInclude>
    <ClInclude Include="..\..\Samples\ParticleGS\include\ProceduralManualObject.h">
      <Filter>Header Files</Filter>
    </ClInclude>
    <ClInclude Include="..\..\Samples\ParticleGS\include\RandomTools.h">
      <Filter>Header Files</Filter>
    </ClInclude>
    <ClInclude Include="..\..\Samples\SSAO\include\SSAO.h">
      <Filter>Header Files</Filter>
    </ClInclude>
    <ClInclude Include="..\..\Samples\ShaderSystem\include\OgreShaderExInstancedViewports.h">
      <Filter>Header Files</Filter>
    </ClInclude>
    <ClInclude Include="..\..\Samples\ShaderSystem\include\ShaderExReflectionMap.h">
      <Filter>Header Files</Filter>
    </ClInclude>
    <ClInclude Include="..\..\Samples\ShaderSystem\include\ShaderSystem.h">
      <Filter>Header Files</Filter>
    </ClInclude>
    <ClInclude Include="..\..\Samples\ShaderSystemMultiLight\include\RTShaderSRSSegmentedLights.h">
      <Filter>Header Files</Filter>
    </ClInclude>
    <ClInclude Include="..\..\Samples\ShaderSystemMultiLight\include\SegmentedDynamicLightManager.h">
      <Filter>Header Files</Filter>
    </ClInclude>
    <ClInclude Include="..\..\Samples\ShaderSystemMultiLight\include\ShaderSystemMultiLight.h">
      <Filter>Header Files</Filter>
    </ClInclude>
    <ClInclude Include="..\..\Samples\ShaderSystemTexturedFog\include\RTShaderSRSTexturedFog.h">
      <Filter>Header Files</Filter>
    </ClInclude>
    <ClInclude Include="..\..\Samples\ShaderSystemTexturedFog\include\ShaderSystemTexturedFog.h">
      <Filter>Header Files</Filter>
    </ClInclude>
    <ClInclude Include="..\..\Samples\Shadows\include\Shadows.h">
      <Filter>Header Files</Filter>
    </ClInclude>
    <ClInclude Include="..\..\Samples\SkeletalAnimation\include\SkeletalAnimation.h">
      <Filter>Header Files</Filter>
    </ClInclude>
    <ClInclude Include="..\..\Samples\SkyBox\include\SkyBox.h">
      <Filter>Header Files</Filter>
    </ClInclude>
    <ClInclude Include="..\..\Samples\SkyDome\include\SkyDome.h">
      <Filter>Header Files</Filter>
    </ClInclude>
    <ClInclude Include="..\..\Samples\SkyPlane\include\SkyPlane.h">
      <Filter>Header Files</Filter>
    </ClInclude>
    <ClInclude Include="..\..\Samples\Smoke\include\Smoke.h">
      <Filter>Header Files</Filter>
    </ClInclude>
    <ClInclude Include="..\..\Samples\SphereMapping\include\SphereMapping.h">
      <Filter>Header Files</Filter>
    </ClInclude>
    <ClInclude Include="..\..\Samples\Terrain\include\Terrain.h">
      <Filter>Header Files</Filter>
    </ClInclude>
    <ClInclude Include="..\..\Samples\TerrainTessellation\include\TerrainTessellation.h">
      <Filter>Header Files</Filter>
    </ClInclude>
    <ClInclude Include="..\..\Samples\TerrainTessellation\include\TerrainTessellationMaterialGenerator.h">
      <Filter>Header Files</Filter>
    </ClInclude>
    <ClInclude Include="..\..\Samples\Tessellation\include\Tessellation.h">
      <Filter>Header Files</Filter>
    </ClInclude>
    <ClInclude Include="..\..\Samples\TextureArray\include\TextureArray.h">
      <Filter>Header Files</Filter>
    </ClInclude>
    <ClInclude Include="..\..\Samples\TextureFX\include\TextureFX.h">
      <Filter>Header Files</Filter>
    </ClInclude>
    <ClInclude Include="..\..\Samples\Transparency\include\Transparency.h">
      <Filter>Header Files</Filter>
    </ClInclude>
    <ClInclude Include="..\..\Samples\VolumeCSG\include\VolumeCSG.h">
      <Filter>Header Files</Filter>
    </ClInclude>
    <ClInclude Include="..\..\Samples\VolumeTerrain\include\VolumeTerrain.h">
      <Filter>Header Files</Filter>
    </ClInclude>
    <ClInclude Include="..\..\Samples\VolumeTex\include\Julia.h">
      <Filter>Header Files</Filter>
    </ClInclude>
    <ClInclude Include="..\..\Samples\VolumeTex\include\ThingRenderable.h">
      <Filter>Header Files</Filter>
    </ClInclude>
    <ClInclude Include="..\..\Samples\VolumeTex\include\VolumeRenderable.h">
      <Filter>Header Files</Filter>
    </ClInclude>
    <ClInclude Include="..\..\Samples\VolumeTex\include\VolumeTex.h">
      <Filter>Header Files</Filter>
    </ClInclude>
    <ClInclude Include="..\..\Samples\Water\include\Water.h">
      <Filter>Header Files</Filter>
    </ClInclude>
    <ClInclude Include="..\..\Samples\Water\include\WaterMesh.h">
      <Filter>Header Files</Filter>
    </ClInclude>
  </ItemGroup>
  <ItemGroup>
    <Filter Include="Header Files">
      <UniqueIdentifier>{479116E6-4399-3149-B03F-6C0DFD7A68EF}</UniqueIdentifier>
    </Filter>
    <Filter Include="Source Files">
      <UniqueIdentifier>{EDB6B6C6-4ED1-3153-8003-FF284A3EFABF}</UniqueIdentifier>
    </Filter>
  </ItemGroup>
</Project>
