Microsoft Visual Studio Solution File, Format Version 12.00
# Visual Studio 14
VisualStudioVersion = 14.0.25420.1
MinimumVisualStudioVersion = 10.0.40219.1
Project("{8BC9CEB8-8B4A-11D0-8D11-00A0C91BC942}") = "Codec_STBI", "PlugIns\STBICodec\Codec_STBI.vcxproj", "{806F74FA-C597-3A66-ABD1-3C9D9F8645AA}"
	ProjectSection(ProjectDependencies) = postProject
		{1A2B0A5C-8568-3B3B-A336-50A07022BF77} = {1A2B0A5C-8568-3B3B-A336-50A07022BF77}
	EndProjectSection
EndProject
Project("{8BC9CEB8-8B4A-11D0-8D11-00A0C91BC942}") = "DefaultSamples", "Samples\DefaultSamples.vcxproj", "{31CF84D2-FCD4-357B-AA14-4A0A09E95CD4}"
	ProjectSection(ProjectDependencies) = postProject
		{33E9C72B-0D33-3309-BB9E-5EA184CA2853} = {33E9C72B-0D33-3309-BB9E-5EA184CA2853}
		{01AA4143-AFC6-318B-A00A-085E8B6E68ED} = {01AA4143-AFC6-318B-A00A-085E8B6E68ED}
		{1A2B0A5C-8568-3B3B-A336-50A07022BF77} = {1A2B0A5C-8568-3B3B-A336-50A07022BF77}
		{9F06947B-4572-324C-81A7-7BAD4523A0D2} = {9F06947B-4572-324C-81A7-7BAD4523A0D2}
		{ED9A5E7E-5FB0-3790-B6F7-A68ECAAE4366} = {ED9A5E7E-5FB0-3790-B6F7-A68ECAAE4366}
		{FAEA3488-36E3-34A2-B8F8-6FB83A68DE47} = {FAEA3488-36E3-34A2-B8F8-6FB83A68DE47}
		{EADEDF99-2347-3AD5-A25A-536C8FC4967B} = {EADEDF99-2347-3AD5-A25A-536C8FC4967B}
		{AE540BEE-363B-3F2A-ABB2-974BF1C62C62} = {AE540BEE-363B-3F2A-ABB2-974BF1C62C62}
		{F032D0F4-0341-3026-BD7D-5A05F45BDC29} = {F032D0F4-0341-3026-BD7D-5A05F45BDC29}
	EndProjectSection
EndProject
Project("{8BC9CEB8-8B4A-11D0-8D11-00A0C91BC942}") = "OgreBites", "Components\Bites\OgreBites.vcxproj", "{FAEA3488-36E3-34A2-B8F8-6FB83A68DE47}"
	ProjectSection(ProjectDependencies) = postProject
		{1A2B0A5C-8568-3B3B-A336-50A07022BF77} = {1A2B0A5C-8568-3B3B-A336-50A07022BF77}
		{ED9A5E7E-5FB0-3790-B6F7-A68ECAAE4366} = {ED9A5E7E-5FB0-3790-B6F7-A68ECAAE4366}
		{EADEDF99-2347-3AD5-A25A-536C8FC4967B} = {EADEDF99-2347-3AD5-A25A-536C8FC4967B}
	EndProjectSection
EndProject
Project("{8BC9CEB8-8B4A-11D0-8D11-00A0C91BC942}") = "OgreGLSupport", "RenderSystems\GLSupport\OgreGLSupport.vcxproj", "{77B2B392-243B-3F24-B211-F4439A867A50}"
	ProjectSection(ProjectDependencies) = postProject
		{1A2B0A5C-8568-3B3B-A336-50A07022BF77} = {1A2B0A5C-8568-3B3B-A336-50A07022BF77}
	EndProjectSection
EndProject
Project("{8BC9CEB8-8B4A-11D0-8D11-00A0C91BC942}") = "OgreHLMS", "Components\HLMS\OgreHLMS.vcxproj", "{01AA4143-AFC6-318B-A00A-085E8B6E68ED}"
	ProjectSection(ProjectDependencies) = postProject
		{1A2B0A5C-8568-3B3B-A336-50A07022BF77} = {1A2B0A5C-8568-3B3B-A336-50A07022BF77}
	EndProjectSection
EndProject
Project("{8BC9CEB8-8B4A-11D0-8D11-00A0C91BC942}") = "OgreMain", "OgreMain\OgreMain.vcxproj", "{1A2B0A5C-8568-3B3B-A336-50A07022BF77}"
EndProject
Project("{8BC9CEB8-8B4A-11D0-8D11-00A0C91BC942}") = "OgreMeshLodGenerator", "Components\MeshLodGenerator\OgreMeshLodGenerator.vcxproj", "{F032D0F4-0341-3026-BD7D-5A05F45BDC29}"
	ProjectSection(ProjectDependencies) = postProject
		{1A2B0A5C-8568-3B3B-A336-50A07022BF77} = {1A2B0A5C-8568-3B3B-A336-50A07022BF77}
	EndProjectSection
EndProject
Project("{8BC9CEB8-8B4A-11D0-8D11-00A0C91BC942}") = "OgreMeshUpgrader", "Tools\MeshUpgrader\OgreMeshUpgrader.vcxproj", "{55314053-38EE-38D2-A0BA-6CEFE345D28D}"
	ProjectSection(ProjectDependencies) = postProject
		{1A2B0A5C-8568-3B3B-A336-50A07022BF77} = {1A2B0A5C-8568-3B3B-A336-50A07022BF77}
		{F032D0F4-0341-3026-BD7D-5A05F45BDC29} = {F032D0F4-0341-3026-BD7D-5A05F45BDC29}
	EndProjectSection
EndProject
Project("{8BC9CEB8-8B4A-11D0-8D11-00A0C91BC942}") = "OgreOverlay", "Components\Overlay\OgreOverlay.vcxproj", "{ED9A5E7E-5FB0-3790-B6F7-A68ECAAE4366}"
	ProjectSection(ProjectDependencies) = postProject
		{1A2B0A5C-8568-3B3B-A336-50A07022BF77} = {1A2B0A5C-8568-3B3B-A336-50A07022BF77}
	EndProjectSection
EndProject
Project("{8BC9CEB8-8B4A-11D0-8D11-00A0C91BC942}") = "OgrePaging", "Components\Paging\OgrePaging.vcxproj", "{9F06947B-4572-324C-81A7-7BAD4523A0D2}"
	ProjectSection(ProjectDependencies) = postProject
		{1A2B0A5C-8568-3B3B-A336-50A07022BF77} = {1A2B0A5C-8568-3B3B-A336-50A07022BF77}
	EndProjectSection
EndProject
Project("{8BC9CEB8-8B4A-11D0-8D11-00A0C91BC942}") = "OgreProperty", "Components\Property\OgreProperty.vcxproj", "{36C0ECF2-0226-37B8-ADD2-E4369E6F4BD8}"
	ProjectSection(ProjectDependencies) = postProject
		{1A2B0A5C-8568-3B3B-A336-50A07022BF77} = {1A2B0A5C-8568-3B3B-A336-50A07022BF77}
	EndProjectSection
EndProject
Project("{8BC9CEB8-8B4A-11D0-8D11-00A0C91BC942}") = "OgreRTShaderSystem", "Components\RTShaderSystem\OgreRTShaderSystem.vcxproj", "{EADEDF99-2347-3AD5-A25A-536C8FC4967B}"
	ProjectSection(ProjectDependencies) = postProject
		{1A2B0A5C-8568-3B3B-A336-50A07022BF77} = {1A2B0A5C-8568-3B3B-A336-50A07022BF77}
	EndProjectSection
EndProject
Project("{8BC9CEB8-8B4A-11D0-8D11-00A0C91BC942}") = "OgreTerrain", "Components\Terrain\OgreTerrain.vcxproj", "{AE540BEE-363B-3F2A-ABB2-974BF1C62C62}"
	ProjectSection(ProjectDependencies) = postProject
		{1A2B0A5C-8568-3B3B-A336-50A07022BF77} = {1A2B0A5C-8568-3B3B-A336-50A07022BF77}
		{9F06947B-4572-324C-81A7-7BAD4523A0D2} = {9F06947B-4572-324C-81A7-7BAD4523A0D2}
	EndProjectSection
EndProject
Project("{8BC9CEB8-8B4A-11D0-8D11-00A0C91BC942}") = "OgreVolume", "Components\Volume\OgreVolume.vcxproj", "{33E9C72B-0D33-3309-BB9E-5EA184CA2853}"
	ProjectSection(ProjectDependencies) = postProject
		{1A2B0A5C-8568-3B3B-A336-50A07022BF77} = {1A2B0A5C-8568-3B3B-A336-50A07022BF77}
	EndProjectSection
EndProject
Project("{8BC9CEB8-8B4A-11D0-8D11-00A0C91BC942}") = "OgreXMLConverter", "Tools\XMLConverter\OgreXMLConverter.vcxproj", "{C73C99A4-4787-3C06-A65A-328FA918AD08}"
	ProjectSection(ProjectDependencies) = postProject
		{1A2B0A5C-8568-3B3B-A336-50A07022BF77} = {1A2B0A5C-8568-3B3B-A336-50A07022BF77}
		{F032D0F4-0341-3026-BD7D-5A05F45BDC29} = {F032D0F4-0341-3026-BD7D-5A05F45BDC29}
	EndProjectSection
EndProject
Project("{8BC9CEB8-8B4A-11D0-8D11-00A0C91BC942}") = "Plugin_BSPSceneManager", "PlugIns\BSPSceneManager\Plugin_BSPSceneManager.vcxproj", "{7E3A1449-5E2A-3DA1-A63A-DF1FCB04DAAA}"
	ProjectSection(ProjectDependencies) = postProject
		{1A2B0A5C-8568-3B3B-A336-50A07022BF77} = {1A2B0A5C-8568-3B3B-A336-50A07022BF77}
	EndProjectSection
EndProject
Project("{8BC9CEB8-8B4A-11D0-8D11-00A0C91BC942}") = "Plugin_OctreeSceneManager", "PlugIns\OctreeSceneManager\Plugin_OctreeSceneManager.vcxproj", "{08788F59-C807-3DC3-8D14-4E3C2173FEAD}"
	ProjectSection(ProjectDependencies) = postProject
		{1A2B0A5C-8568-3B3B-A336-50A07022BF77} = {1A2B0A5C-8568-3B3B-A336-50A07022BF77}
	EndProjectSection
EndProject
Project("{8BC9CEB8-8B4A-11D0-8D11-00A0C91BC942}") = "Plugin_OctreeZone", "PlugIns\OctreeZone\Plugin_OctreeZone.vcxproj", "{AFF3FD26-EF93-3422-A5E8-BEFFCF4602A0}"
	ProjectSection(ProjectDependencies) = postProject
		{1A2B0A5C-8568-3B3B-A336-50A07022BF77} = {1A2B0A5C-8568-3B3B-A336-50A07022BF77}
		{373F7280-7D0C-31FA-9486-A1C03E7569F7} = {373F7280-7D0C-31FA-9486-A1C03E7569F7}
	EndProjectSection
EndProject
Project("{8BC9CEB8-8B4A-11D0-8D11-00A0C91BC942}") = "Plugin_PCZSceneManager", "PlugIns\PCZSceneManager\Plugin_PCZSceneManager.vcxproj", "{373F7280-7D0C-31FA-9486-A1C03E7569F7}"
	ProjectSection(ProjectDependencies) = postProject
		{1A2B0A5C-8568-3B3B-A336-50A07022BF77} = {1A2B0A5C-8568-3B3B-A336-50A07022BF77}
	EndProjectSection
EndProject
Project("{8BC9CEB8-8B4A-11D0-8D11-00A0C91BC942}") = "Plugin_ParticleFX", "PlugIns\ParticleFX\Plugin_ParticleFX.vcxproj", "{4DC5DF33-780F-3FF4-88EC-E5A7FDBC9530}"
	ProjectSection(ProjectDependencies) = postProject
		{1A2B0A5C-8568-3B3B-A336-50A07022BF77} = {1A2B0A5C-8568-3B3B-A336-50A07022BF77}
	EndProjectSection
EndProject
Project("{8BC9CEB8-8B4A-11D0-8D11-00A0C91BC942}") = "RenderSystem_Direct3D11", "RenderSystems\Direct3D11\RenderSystem_Direct3D11.vcxproj", "{AEE4E338-C6CB-337F-A4D3-7E1B80B7CB1D}"
	ProjectSection(ProjectDependencies) = postProject
		{1A2B0A5C-8568-3B3B-A336-50A07022BF77} = {1A2B0A5C-8568-3B3B-A336-50A07022BF77}
	EndProjectSection
EndProject
Project("{8BC9CEB8-8B4A-11D0-8D11-00A0C91BC942}") = "RenderSystem_GL", "RenderSystems\GL\RenderSystem_GL.vcxproj", "{729868BA-3182-3E5F-A59F-A15DBB169BBA}"
	ProjectSection(ProjectDependencies) = postProject
		{1A2B0A5C-8568-3B3B-A336-50A07022BF77} = {1A2B0A5C-8568-3B3B-A336-50A07022BF77}
		{77B2B392-243B-3F24-B211-F4439A867A50} = {77B2B392-243B-3F24-B211-F4439A867A50}
	EndProjectSection
EndProject
Project("{8BC9CEB8-8B4A-11D0-8D11-00A0C91BC942}") = "RenderSystem_GL3Plus", "RenderSystems\GL3Plus\RenderSystem_GL3Plus.vcxproj", "{1BA4F727-23CC-3A79-9AD1-7807691AEC41}"
	ProjectSection(ProjectDependencies) = postProject
		{1A2B0A5C-8568-3B3B-A336-50A07022BF77} = {1A2B0A5C-8568-3B3B-A336-50A07022BF77}
		{77B2B392-243B-3F24-B211-F4439A867A50} = {77B2B392-243B-3F24-B211-F4439A867A50}
	EndProjectSection
EndProject
Project("{8BC9CEB8-8B4A-11D0-8D11-00A0C91BC942}") = "SampleBrowser", "Samples\Browser\SampleBrowser.vcxproj", "{36CA7814-A9D1-3F39-8798-DAF7944E89C8}"
	ProjectSection(ProjectDependencies) = postProject
		{33E9C72B-0D33-3309-BB9E-5EA184CA2853} = {33E9C72B-0D33-3309-BB9E-5EA184CA2853}
		{01AA4143-AFC6-318B-A00A-085E8B6E68ED} = {01AA4143-AFC6-318B-A00A-085E8B6E68ED}
		{1A2B0A5C-8568-3B3B-A336-50A07022BF77} = {1A2B0A5C-8568-3B3B-A336-50A07022BF77}
		{ED9A5E7E-5FB0-3790-B6F7-A68ECAAE4366} = {ED9A5E7E-5FB0-3790-B6F7-A68ECAAE4366}
		{FAEA3488-36E3-34A2-B8F8-6FB83A68DE47} = {FAEA3488-36E3-34A2-B8F8-6FB83A68DE47}
		{EADEDF99-2347-3AD5-A25A-536C8FC4967B} = {EADEDF99-2347-3AD5-A25A-536C8FC4967B}
		{31CF84D2-FCD4-357B-AA14-4A0A09E95CD4} = {31CF84D2-FCD4-357B-AA14-4A0A09E95CD4}
		{AE540BEE-363B-3F2A-ABB2-974BF1C62C62} = {AE540BEE-363B-3F2A-ABB2-974BF1C62C62}
		{F032D0F4-0341-3026-BD7D-5A05F45BDC29} = {F032D0F4-0341-3026-BD7D-5A05F45BDC29}
	EndProjectSection
EndProject
Project("{8BC9CEB8-8B4A-11D0-8D11-00A0C91BC942}") = "VRMLConverter", "Tools\VRMLConverter\VRMLConverter.vcxproj", "{7ECFE979-C565-38C7-B59E-A941F2B14EC5}"
	ProjectSection(ProjectDependencies) = postProject
		{1A2B0A5C-8568-3B3B-A336-50A07022BF77} = {1A2B0A5C-8568-3B3B-A336-50A07022BF77}
	EndProjectSection
EndProject
Project("{2150E333-8FDC-42A3-9474-1A3956D46DE8}") = "deps", "deps", "{D4CE7C27-9442-462F-B04E-0CACE591E617}"
EndProject
Project("{8BC9CEB8-8B4A-11D0-8D11-00A0C91BC942}") = "SDL2", "SDL2-build\SDL2.vcxproj", "{B2F56509-37DE-3EBF-8486-94E24EC34B80}"
EndProject
Project("{8BC9CEB8-8B4A-11D0-8D11-00A0C91BC942}") = "SDL2main", "SDL2-build\SDL2main.vcxproj", "{02116D05-763C-3CD9-B94D-4657503E2273}"
	ProjectSection(ProjectDependencies) = postProject
		{B2F56509-37DE-3EBF-8486-94E24EC34B80} = {B2F56509-37DE-3EBF-8486-94E24EC34B80}
	EndProjectSection
EndProject
Project("{8BC9CEB8-8B4A-11D0-8D11-00A0C91BC942}") = "zlib", "zlib-1.2.11\zlib.vcxproj", "{1A097B23-F4B2-358E-B577-0CF42B438841}"
EndProject
Project("{8BC9CEB8-8B4A-11D0-8D11-00A0C91BC942}") = "zzip", "ZZIPlib-master\zzip.vcxproj", "{E59410D2-0F70-33FE-BF42-7C80938CE649}"
EndProject
Project("{8BC9CEB8-8B4A-11D0-8D11-00A0C91BC942}") = "freetype", "freetype-2.9\objs\freetype.vcxproj", "{6166D82A-338B-37E7-9864-B2D89DE1D8A3}"
EndProject
Global
	GlobalSection(SolutionConfigurationPlatforms) = preSolution
		Debug|Win32 = Debug|Win32
		MinSizeRel|Win32 = MinSizeRel|Win32
		Release|Win32 = Release|Win32
		RelWithDebInfo|Win32 = RelWithDebInfo|Win32
	EndGlobalSection
	GlobalSection(ProjectConfigurationPlatforms) = postSolution
		{806F74FA-C597-3A66-ABD1-3C9D9F8645AA}.Debug|Win32.ActiveCfg = Debug|Win32
		{806F74FA-C597-3A66-ABD1-3C9D9F8645AA}.Debug|Win32.Build.0 = Debug|Win32
		{806F74FA-C597-3A66-ABD1-3C9D9F8645AA}.MinSizeRel|Win32.ActiveCfg = MinSizeRel|Win32
		{806F74FA-C597-3A66-ABD1-3C9D9F8645AA}.MinSizeRel|Win32.Build.0 = MinSizeRel|Win32
		{806F74FA-C597-3A66-ABD1-3C9D9F8645AA}.Release|Win32.ActiveCfg = Release|Win32
		{806F74FA-C597-3A66-ABD1-3C9D9F8645AA}.Release|Win32.Build.0 = Release|Win32
		{806F74FA-C597-3A66-ABD1-3C9D9F8645AA}.RelWithDebInfo|Win32.ActiveCfg = RelWithDebInfo|Win32
		{806F74FA-C597-3A66-ABD1-3C9D9F8645AA}.RelWithDebInfo|Win32.Build.0 = RelWithDebInfo|Win32
		{31CF84D2-FCD4-357B-AA14-4A0A09E95CD4}.Debug|Win32.ActiveCfg = Debug|Win32
		{31CF84D2-FCD4-357B-AA14-4A0A09E95CD4}.Debug|Win32.Build.0 = Debug|Win32
		{31CF84D2-FCD4-357B-AA14-4A0A09E95CD4}.MinSizeRel|Win32.ActiveCfg = MinSizeRel|Win32
		{31CF84D2-FCD4-357B-AA14-4A0A09E95CD4}.MinSizeRel|Win32.Build.0 = MinSizeRel|Win32
		{31CF84D2-FCD4-357B-AA14-4A0A09E95CD4}.Release|Win32.ActiveCfg = Release|Win32
		{31CF84D2-FCD4-357B-AA14-4A0A09E95CD4}.Release|Win32.Build.0 = Release|Win32
		{31CF84D2-FCD4-357B-AA14-4A0A09E95CD4}.RelWithDebInfo|Win32.ActiveCfg = RelWithDebInfo|Win32
		{31CF84D2-FCD4-357B-AA14-4A0A09E95CD4}.RelWithDebInfo|Win32.Build.0 = RelWithDebInfo|Win32
		{FAEA3488-36E3-34A2-B8F8-6FB83A68DE47}.Debug|Win32.ActiveCfg = Debug|Win32
		{FAEA3488-36E3-34A2-B8F8-6FB83A68DE47}.Debug|Win32.Build.0 = Debug|Win32
		{FAEA3488-36E3-34A2-B8F8-6FB83A68DE47}.MinSizeRel|Win32.ActiveCfg = MinSizeRel|Win32
		{FAEA3488-36E3-34A2-B8F8-6FB83A68DE47}.MinSizeRel|Win32.Build.0 = MinSizeRel|Win32
		{FAEA3488-36E3-34A2-B8F8-6FB83A68DE47}.Release|Win32.ActiveCfg = Release|Win32
		{FAEA3488-36E3-34A2-B8F8-6FB83A68DE47}.Release|Win32.Build.0 = Release|Win32
		{FAEA3488-36E3-34A2-B8F8-6FB83A68DE47}.RelWithDebInfo|Win32.ActiveCfg = RelWithDebInfo|Win32
		{FAEA3488-36E3-34A2-B8F8-6FB83A68DE47}.RelWithDebInfo|Win32.Build.0 = RelWithDebInfo|Win32
		{77B2B392-243B-3F24-B211-F4439A867A50}.Debug|Win32.ActiveCfg = Debug|Win32
		{77B2B392-243B-3F24-B211-F4439A867A50}.Debug|Win32.Build.0 = Debug|Win32
		{77B2B392-243B-3F24-B211-F4439A867A50}.MinSizeRel|Win32.ActiveCfg = MinSizeRel|Win32
		{77B2B392-243B-3F24-B211-F4439A867A50}.MinSizeRel|Win32.Build.0 = MinSizeRel|Win32
		{77B2B392-243B-3F24-B211-F4439A867A50}.Release|Win32.ActiveCfg = Release|Win32
		{77B2B392-243B-3F24-B211-F4439A867A50}.Release|Win32.Build.0 = Release|Win32
		{77B2B392-243B-3F24-B211-F4439A867A50}.RelWithDebInfo|Win32.ActiveCfg = RelWithDebInfo|Win32
		{77B2B392-243B-3F24-B211-F4439A867A50}.RelWithDebInfo|Win32.Build.0 = RelWithDebInfo|Win32
		{01AA4143-AFC6-318B-A00A-085E8B6E68ED}.Debug|Win32.ActiveCfg = Debug|Win32
		{01AA4143-AFC6-318B-A00A-085E8B6E68ED}.Debug|Win32.Build.0 = Debug|Win32
		{01AA4143-AFC6-318B-A00A-085E8B6E68ED}.MinSizeRel|Win32.ActiveCfg = MinSizeRel|Win32
		{01AA4143-AFC6-318B-A00A-085E8B6E68ED}.MinSizeRel|Win32.Build.0 = MinSizeRel|Win32
		{01AA4143-AFC6-318B-A00A-085E8B6E68ED}.Release|Win32.ActiveCfg = Release|Win32
		{01AA4143-AFC6-318B-A00A-085E8B6E68ED}.Release|Win32.Build.0 = Release|Win32
		{01AA4143-AFC6-318B-A00A-085E8B6E68ED}.RelWithDebInfo|Win32.ActiveCfg = RelWithDebInfo|Win32
		{01AA4143-AFC6-318B-A00A-085E8B6E68ED}.RelWithDebInfo|Win32.Build.0 = RelWithDebInfo|Win32
		{1A2B0A5C-8568-3B3B-A336-50A07022BF77}.Debug|Win32.ActiveCfg = Debug|Win32
		{1A2B0A5C-8568-3B3B-A336-50A07022BF77}.Debug|Win32.Build.0 = Debug|Win32
		{1A2B0A5C-8568-3B3B-A336-50A07022BF77}.MinSizeRel|Win32.ActiveCfg = MinSizeRel|Win32
		{1A2B0A5C-8568-3B3B-A336-50A07022BF77}.MinSizeRel|Win32.Build.0 = MinSizeRel|Win32
		{1A2B0A5C-8568-3B3B-A336-50A07022BF77}.Release|Win32.ActiveCfg = Release|Win32
		{1A2B0A5C-8568-3B3B-A336-50A07022BF77}.Release|Win32.Build.0 = Release|Win32
		{1A2B0A5C-8568-3B3B-A336-50A07022BF77}.RelWithDebInfo|Win32.ActiveCfg = RelWithDebInfo|Win32
		{1A2B0A5C-8568-3B3B-A336-50A07022BF77}.RelWithDebInfo|Win32.Build.0 = RelWithDebInfo|Win32
		{F032D0F4-0341-3026-BD7D-5A05F45BDC29}.Debug|Win32.ActiveCfg = Debug|Win32
		{F032D0F4-0341-3026-BD7D-5A05F45BDC29}.Debug|Win32.Build.0 = Debug|Win32
		{F032D0F4-0341-3026-BD7D-5A05F45BDC29}.MinSizeRel|Win32.ActiveCfg = MinSizeRel|Win32
		{F032D0F4-0341-3026-BD7D-5A05F45BDC29}.MinSizeRel|Win32.Build.0 = MinSizeRel|Win32
		{F032D0F4-0341-3026-BD7D-5A05F45BDC29}.Release|Win32.ActiveCfg = Release|Win32
		{F032D0F4-0341-3026-BD7D-5A05F45BDC29}.Release|Win32.Build.0 = Release|Win32
		{F032D0F4-0341-3026-BD7D-5A05F45BDC29}.RelWithDebInfo|Win32.ActiveCfg = RelWithDebInfo|Win32
		{F032D0F4-0341-3026-BD7D-5A05F45BDC29}.RelWithDebInfo|Win32.Build.0 = RelWithDebInfo|Win32
		{55314053-38EE-38D2-A0BA-6CEFE345D28D}.Debug|Win32.ActiveCfg = Debug|Win32
		{55314053-38EE-38D2-A0BA-6CEFE345D28D}.Debug|Win32.Build.0 = Debug|Win32
		{55314053-38EE-38D2-A0BA-6CEFE345D28D}.MinSizeRel|Win32.ActiveCfg = MinSizeRel|Win32
		{55314053-38EE-38D2-A0BA-6CEFE345D28D}.MinSizeRel|Win32.Build.0 = MinSizeRel|Win32
		{55314053-38EE-38D2-A0BA-6CEFE345D28D}.Release|Win32.ActiveCfg = Release|Win32
		{55314053-38EE-38D2-A0BA-6CEFE345D28D}.Release|Win32.Build.0 = Release|Win32
		{55314053-38EE-38D2-A0BA-6CEFE345D28D}.RelWithDebInfo|Win32.ActiveCfg = RelWithDebInfo|Win32
		{55314053-38EE-38D2-A0BA-6CEFE345D28D}.RelWithDebInfo|Win32.Build.0 = RelWithDebInfo|Win32
		{ED9A5E7E-5FB0-3790-B6F7-A68ECAAE4366}.Debug|Win32.ActiveCfg = Debug|Win32
		{ED9A5E7E-5FB0-3790-B6F7-A68ECAAE4366}.Debug|Win32.Build.0 = Debug|Win32
		{ED9A5E7E-5FB0-3790-B6F7-A68ECAAE4366}.MinSizeRel|Win32.ActiveCfg = MinSizeRel|Win32
		{ED9A5E7E-5FB0-3790-B6F7-A68ECAAE4366}.MinSizeRel|Win32.Build.0 = MinSizeRel|Win32
		{ED9A5E7E-5FB0-3790-B6F7-A68ECAAE4366}.Release|Win32.ActiveCfg = Release|Win32
		{ED9A5E7E-5FB0-3790-B6F7-A68ECAAE4366}.Release|Win32.Build.0 = Release|Win32
		{ED9A5E7E-5FB0-3790-B6F7-A68ECAAE4366}.RelWithDebInfo|Win32.ActiveCfg = RelWithDebInfo|Win32
		{ED9A5E7E-5FB0-3790-B6F7-A68ECAAE4366}.RelWithDebInfo|Win32.Build.0 = RelWithDebInfo|Win32
		{9F06947B-4572-324C-81A7-7BAD4523A0D2}.Debug|Win32.ActiveCfg = Debug|Win32
		{9F06947B-4572-324C-81A7-7BAD4523A0D2}.Debug|Win32.Build.0 = Debug|Win32
		{9F06947B-4572-324C-81A7-7BAD4523A0D2}.MinSizeRel|Win32.ActiveCfg = MinSizeRel|Win32
		{9F06947B-4572-324C-81A7-7BAD4523A0D2}.MinSizeRel|Win32.Build.0 = MinSizeRel|Win32
		{9F06947B-4572-324C-81A7-7BAD4523A0D2}.Release|Win32.ActiveCfg = Release|Win32
		{9F06947B-4572-324C-81A7-7BAD4523A0D2}.Release|Win32.Build.0 = Release|Win32
		{9F06947B-4572-324C-81A7-7BAD4523A0D2}.RelWithDebInfo|Win32.ActiveCfg = RelWithDebInfo|Win32
		{9F06947B-4572-324C-81A7-7BAD4523A0D2}.RelWithDebInfo|Win32.Build.0 = RelWithDebInfo|Win32
		{36C0ECF2-0226-37B8-ADD2-E4369E6F4BD8}.Debug|Win32.ActiveCfg = Debug|Win32
		{36C0ECF2-0226-37B8-ADD2-E4369E6F4BD8}.Debug|Win32.Build.0 = Debug|Win32
		{36C0ECF2-0226-37B8-ADD2-E4369E6F4BD8}.MinSizeRel|Win32.ActiveCfg = MinSizeRel|Win32
		{36C0ECF2-0226-37B8-ADD2-E4369E6F4BD8}.MinSizeRel|Win32.Build.0 = MinSizeRel|Win32
		{36C0ECF2-0226-37B8-ADD2-E4369E6F4BD8}.Release|Win32.ActiveCfg = Release|Win32
		{36C0ECF2-0226-37B8-ADD2-E4369E6F4BD8}.Release|Win32.Build.0 = Release|Win32
		{36C0ECF2-0226-37B8-ADD2-E4369E6F4BD8}.RelWithDebInfo|Win32.ActiveCfg = RelWithDebInfo|Win32
		{36C0ECF2-0226-37B8-ADD2-E4369E6F4BD8}.RelWithDebInfo|Win32.Build.0 = RelWithDebInfo|Win32
		{EADEDF99-2347-3AD5-A25A-536C8FC4967B}.Debug|Win32.ActiveCfg = Debug|Win32
		{EADEDF99-2347-3AD5-A25A-536C8FC4967B}.Debug|Win32.Build.0 = Debug|Win32
		{EADEDF99-2347-3AD5-A25A-536C8FC4967B}.MinSizeRel|Win32.ActiveCfg = MinSizeRel|Win32
		{EADEDF99-2347-3AD5-A25A-536C8FC4967B}.MinSizeRel|Win32.Build.0 = MinSizeRel|Win32
		{EADEDF99-2347-3AD5-A25A-536C8FC4967B}.Release|Win32.ActiveCfg = Release|Win32
		{EADEDF99-2347-3AD5-A25A-536C8FC4967B}.Release|Win32.Build.0 = Release|Win32
		{EADEDF99-2347-3AD5-A25A-536C8FC4967B}.RelWithDebInfo|Win32.ActiveCfg = RelWithDebInfo|Win32
		{EADEDF99-2347-3AD5-A25A-536C8FC4967B}.RelWithDebInfo|Win32.Build.0 = RelWithDebInfo|Win32
		{AE540BEE-363B-3F2A-ABB2-974BF1C62C62}.Debug|Win32.ActiveCfg = Debug|Win32
		{AE540BEE-363B-3F2A-ABB2-974BF1C62C62}.Debug|Win32.Build.0 = Debug|Win32
		{AE540BEE-363B-3F2A-ABB2-974BF1C62C62}.MinSizeRel|Win32.ActiveCfg = MinSizeRel|Win32
		{AE540BEE-363B-3F2A-ABB2-974BF1C62C62}.MinSizeRel|Win32.Build.0 = MinSizeRel|Win32
		{AE540BEE-363B-3F2A-ABB2-974BF1C62C62}.Release|Win32.ActiveCfg = Release|Win32
		{AE540BEE-363B-3F2A-ABB2-974BF1C62C62}.Release|Win32.Build.0 = Release|Win32
		{AE540BEE-363B-3F2A-ABB2-974BF1C62C62}.RelWithDebInfo|Win32.ActiveCfg = RelWithDebInfo|Win32
		{AE540BEE-363B-3F2A-ABB2-974BF1C62C62}.RelWithDebInfo|Win32.Build.0 = RelWithDebInfo|Win32
		{33E9C72B-0D33-3309-BB9E-5EA184CA2853}.Debug|Win32.ActiveCfg = Debug|Win32
		{33E9C72B-0D33-3309-BB9E-5EA184CA2853}.Debug|Win32.Build.0 = Debug|Win32
		{33E9C72B-0D33-3309-BB9E-5EA184CA2853}.MinSizeRel|Win32.ActiveCfg = MinSizeRel|Win32
		{33E9C72B-0D33-3309-BB9E-5EA184CA2853}.MinSizeRel|Win32.Build.0 = MinSizeRel|Win32
		{33E9C72B-0D33-3309-BB9E-5EA184CA2853}.Release|Win32.ActiveCfg = Release|Win32
		{33E9C72B-0D33-3309-BB9E-5EA184CA2853}.Release|Win32.Build.0 = Release|Win32
		{33E9C72B-0D33-3309-BB9E-5EA184CA2853}.RelWithDebInfo|Win32.ActiveCfg = RelWithDebInfo|Win32
		{33E9C72B-0D33-3309-BB9E-5EA184CA2853}.RelWithDebInfo|Win32.Build.0 = RelWithDebInfo|Win32
		{C73C99A4-4787-3C06-A65A-328FA918AD08}.Debug|Win32.ActiveCfg = Debug|Win32
		{C73C99A4-4787-3C06-A65A-328FA918AD08}.Debug|Win32.Build.0 = Debug|Win32
		{C73C99A4-4787-3C06-A65A-328FA918AD08}.MinSizeRel|Win32.ActiveCfg = MinSizeRel|Win32
		{C73C99A4-4787-3C06-A65A-328FA918AD08}.MinSizeRel|Win32.Build.0 = MinSizeRel|Win32
		{C73C99A4-4787-3C06-A65A-328FA918AD08}.Release|Win32.ActiveCfg = Release|Win32
		{C73C99A4-4787-3C06-A65A-328FA918AD08}.Release|Win32.Build.0 = Release|Win32
		{C73C99A4-4787-3C06-A65A-328FA918AD08}.RelWithDebInfo|Win32.ActiveCfg = RelWithDebInfo|Win32
		{C73C99A4-4787-3C06-A65A-328FA918AD08}.RelWithDebInfo|Win32.Build.0 = RelWithDebInfo|Win32
		{7E3A1449-5E2A-3DA1-A63A-DF1FCB04DAAA}.Debug|Win32.ActiveCfg = Debug|Win32
		{7E3A1449-5E2A-3DA1-A63A-DF1FCB04DAAA}.Debug|Win32.Build.0 = Debug|Win32
		{7E3A1449-5E2A-3DA1-A63A-DF1FCB04DAAA}.MinSizeRel|Win32.ActiveCfg = MinSizeRel|Win32
		{7E3A1449-5E2A-3DA1-A63A-DF1FCB04DAAA}.MinSizeRel|Win32.Build.0 = MinSizeRel|Win32
		{7E3A1449-5E2A-3DA1-A63A-DF1FCB04DAAA}.Release|Win32.ActiveCfg = Release|Win32
		{7E3A1449-5E2A-3DA1-A63A-DF1FCB04DAAA}.Release|Win32.Build.0 = Release|Win32
		{7E3A1449-5E2A-3DA1-A63A-DF1FCB04DAAA}.RelWithDebInfo|Win32.ActiveCfg = RelWithDebInfo|Win32
		{7E3A1449-5E2A-3DA1-A63A-DF1FCB04DAAA}.RelWithDebInfo|Win32.Build.0 = RelWithDebInfo|Win32
		{08788F59-C807-3DC3-8D14-4E3C2173FEAD}.Debug|Win32.ActiveCfg = Debug|Win32
		{08788F59-C807-3DC3-8D14-4E3C2173FEAD}.Debug|Win32.Build.0 = Debug|Win32
		{08788F59-C807-3DC3-8D14-4E3C2173FEAD}.MinSizeRel|Win32.ActiveCfg = MinSizeRel|Win32
		{08788F59-C807-3DC3-8D14-4E3C2173FEAD}.MinSizeRel|Win32.Build.0 = MinSizeRel|Win32
		{08788F59-C807-3DC3-8D14-4E3C2173FEAD}.Release|Win32.ActiveCfg = Release|Win32
		{08788F59-C807-3DC3-8D14-4E3C2173FEAD}.Release|Win32.Build.0 = Release|Win32
		{08788F59-C807-3DC3-8D14-4E3C2173FEAD}.RelWithDebInfo|Win32.ActiveCfg = RelWithDebInfo|Win32
		{08788F59-C807-3DC3-8D14-4E3C2173FEAD}.RelWithDebInfo|Win32.Build.0 = RelWithDebInfo|Win32
		{AFF3FD26-EF93-3422-A5E8-BEFFCF4602A0}.Debug|Win32.ActiveCfg = Debug|Win32
		{AFF3FD26-EF93-3422-A5E8-BEFFCF4602A0}.Debug|Win32.Build.0 = Debug|Win32
		{AFF3FD26-EF93-3422-A5E8-BEFFCF4602A0}.MinSizeRel|Win32.ActiveCfg = MinSizeRel|Win32
		{AFF3FD26-EF93-3422-A5E8-BEFFCF4602A0}.MinSizeRel|Win32.Build.0 = MinSizeRel|Win32
		{AFF3FD26-EF93-3422-A5E8-BEFFCF4602A0}.Release|Win32.ActiveCfg = Release|Win32
		{AFF3FD26-EF93-3422-A5E8-BEFFCF4602A0}.Release|Win32.Build.0 = Release|Win32
		{AFF3FD26-EF93-3422-A5E8-BEFFCF4602A0}.RelWithDebInfo|Win32.ActiveCfg = RelWithDebInfo|Win32
		{AFF3FD26-EF93-3422-A5E8-BEFFCF4602A0}.RelWithDebInfo|Win32.Build.0 = RelWithDebInfo|Win32
		{373F7280-7D0C-31FA-9486-A1C03E7569F7}.Debug|Win32.ActiveCfg = Debug|Win32
		{373F7280-7D0C-31FA-9486-A1C03E7569F7}.Debug|Win32.Build.0 = Debug|Win32
		{373F7280-7D0C-31FA-9486-A1C03E7569F7}.MinSizeRel|Win32.ActiveCfg = MinSizeRel|Win32
		{373F7280-7D0C-31FA-9486-A1C03E7569F7}.MinSizeRel|Win32.Build.0 = MinSizeRel|Win32
		{373F7280-7D0C-31FA-9486-A1C03E7569F7}.Release|Win32.ActiveCfg = Release|Win32
		{373F7280-7D0C-31FA-9486-A1C03E7569F7}.Release|Win32.Build.0 = Release|Win32
		{373F7280-7D0C-31FA-9486-A1C03E7569F7}.RelWithDebInfo|Win32.ActiveCfg = RelWithDebInfo|Win32
		{373F7280-7D0C-31FA-9486-A1C03E7569F7}.RelWithDebInfo|Win32.Build.0 = RelWithDebInfo|Win32
		{4DC5DF33-780F-3FF4-88EC-E5A7FDBC9530}.Debug|Win32.ActiveCfg = Debug|Win32
		{4DC5DF33-780F-3FF4-88EC-E5A7FDBC9530}.Debug|Win32.Build.0 = Debug|Win32
		{4DC5DF33-780F-3FF4-88EC-E5A7FDBC9530}.MinSizeRel|Win32.ActiveCfg = MinSizeRel|Win32
		{4DC5DF33-780F-3FF4-88EC-E5A7FDBC9530}.MinSizeRel|Win32.Build.0 = MinSizeRel|Win32
		{4DC5DF33-780F-3FF4-88EC-E5A7FDBC9530}.Release|Win32.ActiveCfg = Release|Win32
		{4DC5DF33-780F-3FF4-88EC-E5A7FDBC9530}.Release|Win32.Build.0 = Release|Win32
		{4DC5DF33-780F-3FF4-88EC-E5A7FDBC9530}.RelWithDebInfo|Win32.ActiveCfg = RelWithDebInfo|Win32
		{4DC5DF33-780F-3FF4-88EC-E5A7FDBC9530}.RelWithDebInfo|Win32.Build.0 = RelWithDebInfo|Win32
		{AEE4E338-C6CB-337F-A4D3-7E1B80B7CB1D}.Debug|Win32.ActiveCfg = Debug|Win32
		{AEE4E338-C6CB-337F-A4D3-7E1B80B7CB1D}.Debug|Win32.Build.0 = Debug|Win32
		{AEE4E338-C6CB-337F-A4D3-7E1B80B7CB1D}.MinSizeRel|Win32.ActiveCfg = MinSizeRel|Win32
		{AEE4E338-C6CB-337F-A4D3-7E1B80B7CB1D}.MinSizeRel|Win32.Build.0 = MinSizeRel|Win32
		{AEE4E338-C6CB-337F-A4D3-7E1B80B7CB1D}.Release|Win32.ActiveCfg = Release|Win32
		{AEE4E338-C6CB-337F-A4D3-7E1B80B7CB1D}.Release|Win32.Build.0 = Release|Win32
		{AEE4E338-C6CB-337F-A4D3-7E1B80B7CB1D}.RelWithDebInfo|Win32.ActiveCfg = RelWithDebInfo|Win32
		{AEE4E338-C6CB-337F-A4D3-7E1B80B7CB1D}.RelWithDebInfo|Win32.Build.0 = RelWithDebInfo|Win32
		{729868BA-3182-3E5F-A59F-A15DBB169BBA}.Debug|Win32.ActiveCfg = Debug|Win32
		{729868BA-3182-3E5F-A59F-A15DBB169BBA}.Debug|Win32.Build.0 = Debug|Win32
		{729868BA-3182-3E5F-A59F-A15DBB169BBA}.MinSizeRel|Win32.ActiveCfg = MinSizeRel|Win32
		{729868BA-3182-3E5F-A59F-A15DBB169BBA}.MinSizeRel|Win32.Build.0 = MinSizeRel|Win32
		{729868BA-3182-3E5F-A59F-A15DBB169BBA}.Release|Win32.ActiveCfg = Release|Win32
		{729868BA-3182-3E5F-A59F-A15DBB169BBA}.Release|Win32.Build.0 = Release|Win32
		{729868BA-3182-3E5F-A59F-A15DBB169BBA}.RelWithDebInfo|Win32.ActiveCfg = RelWithDebInfo|Win32
		{729868BA-3182-3E5F-A59F-A15DBB169BBA}.RelWithDebInfo|Win32.Build.0 = RelWithDebInfo|Win32
		{1BA4F727-23CC-3A79-9AD1-7807691AEC41}.Debug|Win32.ActiveCfg = Debug|Win32
		{1BA4F727-23CC-3A79-9AD1-7807691AEC41}.Debug|Win32.Build.0 = Debug|Win32
		{1BA4F727-23CC-3A79-9AD1-7807691AEC41}.MinSizeRel|Win32.ActiveCfg = MinSizeRel|Win32
		{1BA4F727-23CC-3A79-9AD1-7807691AEC41}.MinSizeRel|Win32.Build.0 = MinSizeRel|Win32
		{1BA4F727-23CC-3A79-9AD1-7807691AEC41}.Release|Win32.ActiveCfg = Release|Win32
		{1BA4F727-23CC-3A79-9AD1-7807691AEC41}.Release|Win32.Build.0 = Release|Win32
		{1BA4F727-23CC-3A79-9AD1-7807691AEC41}.RelWithDebInfo|Win32.ActiveCfg = RelWithDebInfo|Win32
		{1BA4F727-23CC-3A79-9AD1-7807691AEC41}.RelWithDebInfo|Win32.Build.0 = RelWithDebInfo|Win32
		{36CA7814-A9D1-3F39-8798-DAF7944E89C8}.Debug|Win32.ActiveCfg = Debug|Win32
		{36CA7814-A9D1-3F39-8798-DAF7944E89C8}.Debug|Win32.Build.0 = Debug|Win32
		{36CA7814-A9D1-3F39-8798-DAF7944E89C8}.MinSizeRel|Win32.ActiveCfg = MinSizeRel|Win32
		{36CA7814-A9D1-3F39-8798-DAF7944E89C8}.MinSizeRel|Win32.Build.0 = MinSizeRel|Win32
		{36CA7814-A9D1-3F39-8798-DAF7944E89C8}.Release|Win32.ActiveCfg = Release|Win32
		{36CA7814-A9D1-3F39-8798-DAF7944E89C8}.Release|Win32.Build.0 = Release|Win32
		{36CA7814-A9D1-3F39-8798-DAF7944E89C8}.RelWithDebInfo|Win32.ActiveCfg = RelWithDebInfo|Win32
		{36CA7814-A9D1-3F39-8798-DAF7944E89C8}.RelWithDebInfo|Win32.Build.0 = RelWithDebInfo|Win32
		{7ECFE979-C565-38C7-B59E-A941F2B14EC5}.Debug|Win32.ActiveCfg = Debug|Win32
		{7ECFE979-C565-38C7-B59E-A941F2B14EC5}.Debug|Win32.Build.0 = Debug|Win32
		{7ECFE979-C565-38C7-B59E-A941F2B14EC5}.MinSizeRel|Win32.ActiveCfg = MinSizeRel|Win32
		{7ECFE979-C565-38C7-B59E-A941F2B14EC5}.MinSizeRel|Win32.Build.0 = MinSizeRel|Win32
		{7ECFE979-C565-38C7-B59E-A941F2B14EC5}.Release|Win32.ActiveCfg = Release|Win32
		{7ECFE979-C565-38C7-B59E-A941F2B14EC5}.Release|Win32.Build.0 = Release|Win32
		{7ECFE979-C565-38C7-B59E-A941F2B14EC5}.RelWithDebInfo|Win32.ActiveCfg = RelWithDebInfo|Win32
		{7ECFE979-C565-38C7-B59E-A941F2B14EC5}.RelWithDebInfo|Win32.Build.0 = RelWithDebInfo|Win32
		{B2F56509-37DE-3EBF-8486-94E24EC34B80}.Debug|Win32.ActiveCfg = RelWithDebInfo|Win32
		{B2F56509-37DE-3EBF-8486-94E24EC34B80}.Debug|Win32.Build.0 = RelWithDebInfo|Win32
		{B2F56509-37DE-3EBF-8486-94E24EC34B80}.MinSizeRel|Win32.ActiveCfg = RelWithDebInfo|Win32
		{B2F56509-37DE-3EBF-8486-94E24EC34B80}.MinSizeRel|Win32.Build.0 = RelWithDebInfo|Win32
		{B2F56509-37DE-3EBF-8486-94E24EC34B80}.Release|Win32.ActiveCfg = RelWithDebInfo|Win32
		{B2F56509-37DE-3EBF-8486-94E24EC34B80}.Release|Win32.Build.0 = RelWithDebInfo|Win32
		{B2F56509-37DE-3EBF-8486-94E24EC34B80}.RelWithDebInfo|Win32.ActiveCfg = RelWithDebInfo|Win32
		{B2F56509-37DE-3EBF-8486-94E24EC34B80}.RelWithDebInfo|Win32.Build.0 = RelWithDebInfo|Win32
		{02116D05-763C-3CD9-B94D-4657503E2273}.Debug|Win32.ActiveCfg = RelWithDebInfo|Win32
		{02116D05-763C-3CD9-B94D-4657503E2273}.Debug|Win32.Build.0 = RelWithDebInfo|Win32
		{02116D05-763C-3CD9-B94D-4657503E2273}.MinSizeRel|Win32.ActiveCfg = RelWithDebInfo|Win32
		{02116D05-763C-3CD9-B94D-4657503E2273}.MinSizeRel|Win32.Build.0 = RelWithDebInfo|Win32
		{02116D05-763C-3CD9-B94D-4657503E2273}.Release|Win32.ActiveCfg = RelWithDebInfo|Win32
		{02116D05-763C-3CD9-B94D-4657503E2273}.Release|Win32.Build.0 = RelWithDebInfo|Win32
		{02116D05-763C-3CD9-B94D-4657503E2273}.RelWithDebInfo|Win32.ActiveCfg = RelWithDebInfo|Win32
		{02116D05-763C-3CD9-B94D-4657503E2273}.RelWithDebInfo|Win32.Build.0 = RelWithDebInfo|Win32
		{1A097B23-F4B2-358E-B577-0CF42B438841}.Debug|Win32.ActiveCfg = RelWithDebInfo|Win32
		{1A097B23-F4B2-358E-B577-0CF42B438841}.Debug|Win32.Build.0 = RelWithDebInfo|Win32
		{1A097B23-F4B2-358E-B577-0CF42B438841}.MinSizeRel|Win32.ActiveCfg = RelWithDebInfo|Win32
		{1A097B23-F4B2-358E-B577-0CF42B438841}.MinSizeRel|Win32.Build.0 = RelWithDebInfo|Win32
		{1A097B23-F4B2-358E-B577-0CF42B438841}.Release|Win32.ActiveCfg = RelWithDebInfo|Win32
		{1A097B23-F4B2-358E-B577-0CF42B438841}.Release|Win32.Build.0 = RelWithDebInfo|Win32
		{1A097B23-F4B2-358E-B577-0CF42B438841}.RelWithDebInfo|Win32.ActiveCfg = RelWithDebInfo|Win32
		{1A097B23-F4B2-358E-B577-0CF42B438841}.RelWithDebInfo|Win32.Build.0 = RelWithDebInfo|Win32
		{E59410D2-0F70-33FE-BF42-7C80938CE649}.Debug|Win32.ActiveCfg = RelWithDebInfo|Win32
		{E59410D2-0F70-33FE-BF42-7C80938CE649}.Debug|Win32.Build.0 = RelWithDebInfo|Win32
		{E59410D2-0F70-33FE-BF42-7C80938CE649}.MinSizeRel|Win32.ActiveCfg = RelWithDebInfo|Win32
		{E59410D2-0F70-33FE-BF42-7C80938CE649}.MinSizeRel|Win32.Build.0 = RelWithDebInfo|Win32
		{E59410D2-0F70-33FE-BF42-7C80938CE649}.Release|Win32.ActiveCfg = RelWithDebInfo|Win32
		{E59410D2-0F70-33FE-BF42-7C80938CE649}.Release|Win32.Build.0 = RelWithDebInfo|Win32
		{E59410D2-0F70-33FE-BF42-7C80938CE649}.RelWithDebInfo|Win32.ActiveCfg = RelWithDebInfo|Win32
		{E59410D2-0F70-33FE-BF42-7C80938CE649}.RelWithDebInfo|Win32.Build.0 = RelWithDebInfo|Win32
		{6166D82A-338B-37E7-9864-B2D89DE1D8A3}.Debug|Win32.ActiveCfg = RelWithDebInfo|Win32
		{6166D82A-338B-37E7-9864-B2D89DE1D8A3}.Debug|Win32.Build.0 = RelWithDebInfo|Win32
		{6166D82A-338B-37E7-9864-B2D89DE1D8A3}.MinSizeRel|Win32.ActiveCfg = RelWithDebInfo|Win32
		{6166D82A-338B-37E7-9864-B2D89DE1D8A3}.MinSizeRel|Win32.Build.0 = RelWithDebInfo|Win32
		{6166D82A-338B-37E7-9864-B2D89DE1D8A3}.Release|Win32.ActiveCfg = RelWithDebInfo|Win32
		{6166D82A-338B-37E7-9864-B2D89DE1D8A3}.Release|Win32.Build.0 = RelWithDebInfo|Win32
		{6166D82A-338B-37E7-9864-B2D89DE1D8A3}.RelWithDebInfo|Win32.ActiveCfg = RelWithDebInfo|Win32
		{6166D82A-338B-37E7-9864-B2D89DE1D8A3}.RelWithDebInfo|Win32.Build.0 = RelWithDebInfo|Win32
	EndGlobalSection
	GlobalSection(SolutionProperties) = preSolution
		HideSolutionNode = FALSE
	EndGlobalSection
	GlobalSection(NestedProjects) = preSolution
		{B2F56509-37DE-3EBF-8486-94E24EC34B80} = {D4CE7C27-9442-462F-B04E-0CACE591E617}
		{02116D05-763C-3CD9-B94D-4657503E2273} = {D4CE7C27-9442-462F-B04E-0CACE591E617}
		{1A097B23-F4B2-358E-B577-0CF42B438841} = {D4CE7C27-9442-462F-B04E-0CACE591E617}
		{E59410D2-0F70-33FE-BF42-7C80938CE649} = {D4CE7C27-9442-462F-B04E-0CACE591E617}
		{6166D82A-338B-37E7-9864-B2D89DE1D8A3} = {D4CE7C27-9442-462F-B04E-0CACE591E617}
	EndGlobalSection
	GlobalSection(ExtensibilityGlobals) = postSolution
		SolutionGuid = {96FD41E5-8E97-3CF1-95FC-F76B436AD99C}
	EndGlobalSection
EndGlobal
