<?xml version="1.0" encoding="utf-8"?>
<Project ToolsVersion="14.0" xmlns="http://schemas.microsoft.com/developer/msbuild/2003">
  <ItemGroup>
    <ClCompile Include="..\..\..\PlugIns\OctreeZone\src\OgreOctreeZone.cpp">
      <Filter>Source Files</Filter>
    </ClCompile>
    <ClCompile Include="..\..\..\PlugIns\OctreeZone\src\OgreOctreeZoneDll.cpp">
      <Filter>Source Files</Filter>
    </ClCompile>
    <ClCompile Include="..\..\..\PlugIns\OctreeZone\src\OgreOctreeZoneOctree.cpp">
      <Filter>Source Files</Filter>
    </ClCompile>
    <ClCompile Include="..\..\..\PlugIns\OctreeZone\src\OgreOctreeZonePlugin.cpp">
      <Filter>Source Files</Filter>
    </ClCompile>
  </ItemGroup>
  <ItemGroup>
    <ClInclude Include="..\..\..\PlugIns\OctreeZone\include\OgreOctreeZone.h">
      <Filter>Header Files</Filter>
    </ClInclude>
    <ClInclude Include="..\..\..\PlugIns\OctreeZone\include\OgreOctreeZoneOctree.h">
      <Filter>Header Files</Filter>
    </ClInclude>
    <ClInclude Include="..\..\..\PlugIns\OctreeZone\include\OgreOctreeZonePlugin.h">
      <Filter>Header Files</Filter>
    </ClInclude>
    <ClInclude Include="..\..\include\OgreOctreeZonePrerequisites.h">
      <Filter>Header Files</Filter>
    </ClInclude>
  </ItemGroup>
  <ItemGroup>
    <Filter Include="Header Files">
      <UniqueIdentifier>{479116E6-4399-3149-B03F-6C0DFD7A68EF}</UniqueIdentifier>
    </Filter>
    <Filter Include="Source Files">
      <UniqueIdentifier>{EDB6B6C6-4ED1-3153-8003-FF284A3EFABF}</UniqueIdentifier>
    </Filter>
  </ItemGroup>
</Project>
